
Microsoft Visual Studio Solution File, Format Version 12.00
# Visual Studio Version 17
VisualStudioVersion = 17.7.34031.279
MinimumVisualStudioVersion = 10.0.40219.1
Project("{FAE04EC0-301F-11D3-BF4B-00C04F79EFBC}") = "School", "School.csproj", "{5B8D049F-5D0C-4A27-BD9D-4FFF34EA9871}"
EndProject
Global
	GlobalSection(SolutionConfigurationPlatforms) = preSolution
		Debug|Any CPU = Debug|Any CPU
		Release|Any CPU = Release|Any CPU
	EndGlobalSection
	GlobalSection(ProjectConfigurationPlatforms) = postSolution
		{5B8D049F-5D0C-4A27-BD9D-4FFF34EA9871}.Debug|Any CPU.ActiveCfg = Debug|Any CPU
		{5B8D049F-5D0C-4A27-BD9D-4FFF34EA9871}.Debug|Any CPU.Build.0 = Debug|Any CPU
		{5B8D049F-5D0C-4A27-BD9D-4FFF34EA9871}.Release|Any CPU.ActiveCfg = Release|Any CPU
		{5B8D049F-5D0C-4A27-BD9D-4FFF34EA9871}.Release|Any CPU.Build.0 = Release|Any CPU
	EndGlobalSection
	GlobalSection(SolutionProperties) = preSolution
		HideSolutionNode = FALSE
	EndGlobalSection
	GlobalSection(ExtensibilityGlobals) = postSolution
		SolutionGuid = {4C13E390-87FD-41F2-A224-2ACF5C938C85}
	EndGlobalSection
EndGlobal
